// !$*UTF8*$!
{
	archiveVersion = 1;
	classes = {
	};
	objectVersion = 50;
	objects = {

/* Begin PBXBuildFile section */
		83550F442615BB7800A6D45A /* Tests_iOS.swift in Sources */ = {isa = PBXBuildFile; fileRef = 83550F432615BB7800A6D45A /* Tests_iOS.swift */; };
		83550F4F2615BB7800A6D45A /* Tests_macOS.swift in Sources */ = {isa = PBXBuildFile; fileRef = 83550F4E2615BB7800A6D45A /* Tests_macOS.swift */; };
		83550F512615BB7800A6D45A /* Image_Gallery_DemoApp.swift in Sources */ = {isa = PBXBuildFile; fileRef = 83550F282615BB7500A6D45A /* Image_Gallery_DemoApp.swift */; };
		83550F522615BB7800A6D45A /* Image_Gallery_DemoApp.swift in Sources */ = {isa = PBXBuildFile; fileRef = 83550F282615BB7500A6D45A /* Image_Gallery_DemoApp.swift */; };
		83550F532615BB7800A6D45A /* ContentView.swift in Sources */ = {isa = PBXBuildFile; fileRef = 83550F292615BB7500A6D45A /* ContentView.swift */; };
		83550F542615BB7800A6D45A /* ContentView.swift in Sources */ = {isa = PBXBuildFile; fileRef = 83550F292615BB7500A6D45A /* ContentView.swift */; };
		83550F552615BB7800A6D45A /* Assets.xcassets in Resources */ = {isa = PBXBuildFile; fileRef = 83550F2A2615BB7800A6D45A /* Assets.xcassets */; };
		83550F562615BB7800A6D45A /* Assets.xcassets in Resources */ = {isa = PBXBuildFile; fileRef = 83550F2A2615BB7800A6D45A /* Assets.xcassets */; };
/* End PBXBuildFile section */

/* Begin PBXContainerItemProxy section */
		83550F402615BB7800A6D45A /* PBXContainerItemProxy */ = {
			isa = PBXContainerItemProxy;
			containerPortal = 83550F232615BB7500A6D45A /* Project object */;
			proxyType = 1;
			remoteGlobalIDString = 83550F2E2615BB7800A6D45A;
			remoteInfo = "Image Gallery Demo (iOS)";
		};
		83550F4B2615BB7800A6D45A /* PBXContainerItemProxy */ = {
			isa = PBXContainerItemProxy;
			containerPortal = 83550F232615BB7500A6D45A /* Project object */;
			proxyType = 1;
			remoteGlobalIDString = 83550F362615BB7800A6D45A;
			remoteInfo = "Image Gallery Demo (macOS)";
		};
/* End PBXContainerItemProxy section */

/* Begin PBXFileReference section */
		83550F282615BB7500A6D45A /* Image_Gallery_DemoApp.swift */ = {isa = PBXFileReference; lastKnownFileType = sourcecode.swift; path = Image_Gallery_DemoApp.swift; sourceTree = "<group>"; };
		83550F292615BB7500A6D45A /* ContentView.swift */ = {isa = PBXFileReference; lastKnownFileType = sourcecode.swift; path = ContentView.swift; sourceTree = "<group>"; };
		83550F2A2615BB7800A6D45A /* Assets.xcassets */ = {isa = PBXFileReference; lastKnownFileType = folder.assetcatalog; path = Assets.xcassets; sourceTree = "<group>"; };
		83550F2F2615BB7800A6D45A /* Image Gallery Demo.app */ = {isa = PBXFileReference; explicitFileType = wrapper.application; includeInIndex = 0; path = "Image Gallery Demo.app"; sourceTree = BUILT_PRODUCTS_DIR; };
		83550F322615BB7800A6D45A /* Info.plist */ = {isa = PBXFileReference; lastKnownFileType = text.plist.xml; path = Info.plist; sourceTree = "<group>"; };
		83550F372615BB7800A6D45A /* Image Gallery Demo.app */ = {isa = PBXFileReference; explicitFileType = wrapper.application; includeInIndex = 0; path = "Image Gallery Demo.app"; sourceTree = BUILT_PRODUCTS_DIR; };
		83550F392615BB7800A6D45A /* Info.plist */ = {isa = PBXFileReference; lastKnownFileType = text.plist.xml; path = Info.plist; sourceTree = "<group>"; };
		83550F3A2615BB7800A6D45A /* macOS.entitlements */ = {isa = PBXFileReference; lastKnownFileType = text.plist.entitlements; path = macOS.entitlements; sourceTree = "<group>"; };
		83550F3F2615BB7800A6D45A /* Tests iOS.xctest */ = {isa = PBXFileReference; explicitFileType = wrapper.cfbundle; includeInIndex = 0; path = "Tests iOS.xctest"; sourceTree = BUILT_PRODUCTS_DIR; };
		83550F432615BB7800A6D45A /* Tests_iOS.swift */ = {isa = PBXFileReference; lastKnownFileType = sourcecode.swift; path = Tests_iOS.swift; sourceTree = "<group>"; };
		83550F452615BB7800A6D45A /* Info.plist */ = {isa = PBXFileReference; lastKnownFileType = text.plist.xml; path = Info.plist; sourceTree = "<group>"; };
		83550F4A2615BB7800A6D45A /* Tests macOS.xctest */ = {isa = PBXFileReference; explicitFileType = wrapper.cfbundle; includeInIndex = 0; path = "Tests macOS.xctest"; sourceTree = BUILT_PRODUCTS_DIR; };
		83550F4E2615BB7800A6D45A /* Tests_macOS.swift */ = {isa = PBXFileReference; lastKnownFileType = sourcecode.swift; path = Tests_macOS.swift; sourceTree = "<group>"; };
		83550F502615BB7800A6D45A /* Info.plist */ = {isa = PBXFileReference; lastKnownFileType = text.plist.xml; path = Info.plist; sourceTree = "<group>"; };
/* End PBXFileReference section */

/* Begin PBXFrameworksBuildPhase section */
		83550F2C2615BB7800A6D45A /* Frameworks */ = {
			isa = PBXFrameworksBuildPhase;
			buildActionMask = 2147483647;
			files = (
			);
			runOnlyForDeploymentPostprocessing = 0;
		};
		83550F342615BB7800A6D45A /* Frameworks */ = {
			isa = PBXFrameworksBuildPhase;
			buildActionMask = 2147483647;
			files = (
			);
			runOnlyForDeploymentPostprocessing = 0;
		};
		83550F3C2615BB7800A6D45A /* Frameworks */ = {
			isa = PBXFrameworksBuildPhase;
			buildActionMask = 2147483647;
			files = (
			);
			runOnlyForDeploymentPostprocessing = 0;
		};
		83550F472615BB7800A6D45A /* Frameworks */ = {
			isa = PBXFrameworksBuildPhase;
			buildActionMask = 2147483647;
			files = (
			);
			runOnlyForDeploymentPostprocessing = 0;
		};
/* End PBXFrameworksBuildPhase section */

/* Begin PBXGroup section */
		83550F222615BB7500A6D45A = {
			isa = PBXGroup;
			children = (
				83550F272615BB7500A6D45A /* Shared */,
				83550F312615BB7800A6D45A /* iOS */,
				83550F382615BB7800A6D45A /* macOS */,
				83550F422615BB7800A6D45A /* Tests iOS */,
				83550F4D2615BB7800A6D45A /* Tests macOS */,
				83550F302615BB7800A6D45A /* Products */,
			);
			sourceTree = "<group>";
		};
		83550F272615BB7500A6D45A /* Shared */ = {
			isa = PBXGroup;
			children = (
				83550F282615BB7500A6D45A /* Image_Gallery_DemoApp.swift */,
				83550F292615BB7500A6D45A /* ContentView.swift */,
				83550F2A2615BB7800A6D45A /* Assets.xcassets */,
			);
			path = Shared;
			sourceTree = "<group>";
		};
		83550F302615BB7800A6D45A /* Products */ = {
			isa = PBXGroup;
			children = (
				83550F2F2615BB7800A6D45A /* Image Gallery Demo.app */,
				83550F372615BB7800A6D45A /* Image Gallery Demo.app */,
				83550F3F2615BB7800A6D45A /* Tests iOS.xctest */,
				83550F4A2615BB7800A6D45A /* Tests macOS.xctest */,
			);
			name = Products;
			sourceTree = "<group>";
		};
		83550F312615BB7800A6D45A /* iOS */ = {
			isa = PBXGroup;
			children = (
				83550F322615BB7800A6D45A /* Info.plist */,
			);
			path = iOS;
			sourceTree = "<group>";
		};
		83550F382615BB7800A6D45A /* macOS */ = {
			isa = PBXGroup;
			children = (
				83550F392615BB7800A6D45A /* Info.plist */,
				83550F3A2615BB7800A6D45A /* macOS.entitlements */,
			);
			path = macOS;
			sourceTree = "<group>";
		};
		83550F422615BB7800A6D45A /* Tests iOS */ = {
			isa = PBXGroup;
			children = (
				83550F432615BB7800A6D45A /* Tests_iOS.swift */,
				83550F452615BB7800A6D45A /* Info.plist */,
			);
			path = "Tests iOS";
			sourceTree = "<group>";
		};
		83550F4D2615BB7800A6D45A /* Tests macOS */ = {
			isa = PBXGroup;
			children = (
				83550F4E2615BB7800A6D45A /* Tests_macOS.swift */,
				83550F502615BB7800A6D45A /* Info.plist */,
			);
			path = "Tests macOS";
			sourceTree = "<group>";
		};
/* End PBXGroup section */

/* Begin PBXNativeTarget section */
		83550F2E2615BB7800A6D45A /* Image Gallery Demo (iOS) */ = {
			isa = PBXNativeTarget;
			buildConfigurationList = 83550F592615BB7800A6D45A /* Build configuration list for PBXNativeTarget "Image Gallery Demo (iOS)" */;
			buildPhases = (
				83550F2B2615BB7800A6D45A /* Sources */,
				83550F2C2615BB7800A6D45A /* Frameworks */,
				83550F2D2615BB7800A6D45A /* Resources */,
			);
			buildRules = (
			);
			dependencies = (
			);
			name = "Image Gallery Demo (iOS)";
			productName = "Image Gallery Demo (iOS)";
			productReference = 83550F2F2615BB7800A6D45A /* Image Gallery Demo.app */;
			productType = "com.apple.product-type.application";
		};
		83550F362615BB7800A6D45A /* Image Gallery Demo (macOS) */ = {
			isa = PBXNativeTarget;
			buildConfigurationList = 83550F5C2615BB7800A6D45A /* Build configuration list for PBXNativeTarget "Image Gallery Demo (macOS)" */;
			buildPhases = (
				83550F332615BB7800A6D45A /* Sources */,
				83550F342615BB7800A6D45A /* Frameworks */,
				83550F352615BB7800A6D45A /* Resources */,
			);
			buildRules = (
			);
			dependencies = (
			);
			name = "Image Gallery Demo (macOS)";
			productName = "Image Gallery Demo (macOS)";
			productReference = 83550F372615BB7800A6D45A /* Image Gallery Demo.app */;
			productType = "com.apple.product-type.application";
		};
		83550F3E2615BB7800A6D45A /* Tests iOS */ = {
			isa = PBXNativeTarget;
			buildConfigurationList = 83550F5F2615BB7800A6D45A /* Build configuration list for PBXNativeTarget "Tests iOS" */;
			buildPhases = (
				83550F3B2615BB7800A6D45A /* Sources */,
				83550F3C2615BB7800A6D45A /* Frameworks */,
				83550F3D2615BB7800A6D45A /* Resources */,
			);
			buildRules = (
			);
			dependencies = (
				83550F412615BB7800A6D45A /* PBXTargetDependency */,
			);
			name = "Tests iOS";
			productName = "Tests iOS";
			productReference = 83550F3F2615BB7800A6D45A /* Tests iOS.xctest */;
			productType = "com.apple.product-type.bundle.ui-testing";
		};
		83550F492615BB7800A6D45A /* Tests macOS */ = {
			isa = PBXNativeTarget;
			buildConfigurationList = 83550F622615BB7800A6D45A /* Build configuration list for PBXNativeTarget "Tests macOS" */;
			buildPhases = (
				83550F462615BB7800A6D45A /* Sources */,
				83550F472615BB7800A6D45A /* Frameworks */,
				83550F482615BB7800A6D45A /* Resources */,
			);
			buildRules = (
			);
			dependencies = (
				83550F4C2615BB7800A6D45A /* PBXTargetDependency */,
			);
			name = "Tests macOS";
			productName = "Tests macOS";
			productReference = 83550F4A2615BB7800A6D45A /* Tests macOS.xctest */;
			productType = "com.apple.product-type.bundle.ui-testing";
		};
/* End PBXNativeTarget section */

/* Begin PBXProject section */
		83550F232615BB7500A6D45A /* Project object */ = {
			isa = PBXProject;
			attributes = {
				LastSwiftUpdateCheck = 1240;
				LastUpgradeCheck = 1240;
				TargetAttributes = {
					83550F2E2615BB7800A6D45A = {
						CreatedOnToolsVersion = 12.4;
					};
					83550F362615BB7800A6D45A = {
						CreatedOnToolsVersion = 12.4;
					};
					83550F3E2615BB7800A6D45A = {
						CreatedOnToolsVersion = 12.4;
						TestTargetID = 83550F2E2615BB7800A6D45A;
					};
					83550F492615BB7800A6D45A = {
						CreatedOnToolsVersion = 12.4;
						TestTargetID = 83550F362615BB7800A6D45A;
					};
				};
			};
			buildConfigurationList = 83550F262615BB7500A6D45A /* Build configuration list for PBXProject "Image Gallery Demo" */;
			compatibilityVersion = "Xcode 9.3";
			developmentRegion = en;
			hasScannedForEncodings = 0;
			knownRegions = (
				en,
				Base,
			);
			mainGroup = 83550F222615BB7500A6D45A;
			productRefGroup = 83550F302615BB7800A6D45A /* Products */;
			projectDirPath = "";
			projectRoot = "";
			targets = (
				83550F2E2615BB7800A6D45A /* Image Gallery Demo (iOS) */,
				83550F362615BB7800A6D45A /* Image Gallery Demo (macOS) */,
				83550F3E2615BB7800A6D45A /* Tests iOS */,
				83550F492615BB7800A6D45A /* Tests macOS */,
			);
		};
/* End PBXProject section */

/* Begin PBXResourcesBuildPhase section */
		83550F2D2615BB7800A6D45A /* Resources */ = {
			isa = PBXResourcesBuildPhase;
			buildActionMask = 2147483647;
			files = (
				83550F552615BB7800A6D45A /* Assets.xcassets in Resources */,
			);
			runOnlyForDeploymentPostprocessing = 0;
		};
		83550F352615BB7800A6D45A /* Resources */ = {
			isa = PBXResourcesBuildPhase;
			buildActionMask = 2147483647;
			files = (
				83550F562615BB7800A6D45A /* Assets.xcassets in Resources */,
			);
			runOnlyForDeploymentPostprocessing = 0;
		};
		83550F3D2615BB7800A6D45A /* Resources */ = {
			isa = PBXResourcesBuildPhase;
			buildActionMask = 2147483647;
			files = (
			);
			runOnlyForDeploymentPostprocessing = 0;
		};
		83550F482615BB7800A6D45A /* Resources */ = {
			isa = PBXResourcesBuildPhase;
			buildActionMask = 2147483647;
			files = (
			);
			runOnlyForDeploymentPostprocessing = 0;
		};
/* End PBXResourcesBuildPhase section */

/* Begin PBXSourcesBuildPhase section */
		83550F2B2615BB7800A6D45A /* Sources */ = {
			isa = PBXSourcesBuildPhase;
			buildActionMask = 2147483647;
			files = (
				83550F532615BB7800A6D45A /* ContentView.swift in Sources */,
				83550F512615BB7800A6D45A /* Image_Gallery_DemoApp.swift in Sources */,
			);
			runOnlyForDeploymentPostprocessing = 0;
		};
		83550F332615BB7800A6D45A /* Sources */ = {
			isa = PBXSourcesBuildPhase;
			buildActionMask = 2147483647;
			files = (
				83550F542615BB7800A6D45A /* ContentView.swift in Sources */,
				83550F522615BB7800A6D45A /* Image_Gallery_DemoApp.swift in Sources */,
			);
			runOnlyForDeploymentPostprocessing = 0;
		};
		83550F3B2615BB7800A6D45A /* Sources */ = {
			isa = PBXSourcesBuildPhase;
			buildActionMask = 2147483647;
			files = (
				83550F442615BB7800A6D45A /* Tests_iOS.swift in Sources */,
			);
			runOnlyForDeploymentPostprocessing = 0;
		};
		83550F462615BB7800A6D45A /* Sources */ = {
			isa = PBXSourcesBuildPhase;
			buildActionMask = 2147483647;
			files = (
				83550F4F2615BB7800A6D45A /* Tests_macOS.swift in Sources */,
			);
			runOnlyForDeploymentPostprocessing = 0;
		};
/* End PBXSourcesBuildPhase section */

/* Begin PBXTargetDependency section */
		83550F412615BB7800A6D45A /* PBXTargetDependency */ = {
			isa = PBXTargetDependency;
			target = 83550F2E2615BB7800A6D45A /* Image Gallery Demo (iOS) */;
			targetProxy = 83550F402615BB7800A6D45A /* PBXContainerItemProxy */;
		};
		83550F4C2615BB7800A6D45A /* PBXTargetDependency */ = {
			isa = PBXTargetDependency;
			target = 83550F362615BB7800A6D45A /* Image Gallery Demo (macOS) */;
			targetProxy = 83550F4B2615BB7800A6D45A /* PBXContainerItemProxy */;
		};
/* End PBXTargetDependency section */

/* Begin XCBuildConfiguration section */
		83550F572615BB7800A6D45A /* Debug */ = {
			isa = XCBuildConfiguration;
			buildSettings = {
				ALWAYS_SEARCH_USER_PATHS = NO;
				CLANG_ANALYZER_NONNULL = YES;
				CLANG_ANALYZER_NUMBER_OBJECT_CONVERSION = YES_AGGRESSIVE;
				CLANG_CXX_LANGUAGE_STANDARD = "gnu++14";
				CLANG_CXX_LIBRARY = "libc++";
				CLANG_ENABLE_MODULES = YES;
				CLANG_ENABLE_OBJC_ARC = YES;
				CLANG_ENABLE_OBJC_WEAK = YES;
				CLANG_WARN_BLOCK_CAPTURE_AUTORELEASING = YES;
				CLANG_WARN_BOOL_CONVERSION = YES;
				CLANG_WARN_COMMA = YES;
				CLANG_WARN_CONSTANT_CONVERSION = YES;
				CLANG_WARN_DEPRECATED_OBJC_IMPLEMENTATIONS = YES;
				CLANG_WARN_DIRECT_OBJC_ISA_USAGE = YES_ERROR;
				CLANG_WARN_DOCUMENTATION_COMMENTS = YES;
				CLANG_WARN_EMPTY_BODY = YES;
				CLANG_WARN_ENUM_CONVERSION = YES;
				CLANG_WARN_INFINITE_RECURSION = YES;
				CLANG_WARN_INT_CONVERSION = YES;
				CLANG_WARN_NON_LITERAL_NULL_CONVERSION = YES;
				CLANG_WARN_OBJC_IMPLICIT_RETAIN_SELF = YES;
				CLANG_WARN_OBJC_LITERAL_CONVERSION = YES;
				CLANG_WARN_OBJC_ROOT_CLASS = YES_ERROR;
				CLANG_WARN_QUOTED_INCLUDE_IN_FRAMEWORK_HEADER = YES;
				CLANG_WARN_RANGE_LOOP_ANALYSIS = YES;
				CLANG_WARN_STRICT_PROTOTYPES = YES;
				CLANG_WARN_SUSPICIOUS_MOVE = YES;
				CLANG_WARN_UNGUARDED_AVAILABILITY = YES_AGGRESSIVE;
				CLANG_WARN_UNREACHABLE_CODE = YES;
				CLANG_WARN__DUPLICATE_METHOD_MATCH = YES;
				COPY_PHASE_STRIP = NO;
				DEBUG_INFORMATION_FORMAT = dwarf;
				ENABLE_STRICT_OBJC_MSGSEND = YES;
				ENABLE_TESTABILITY = YES;
				GCC_C_LANGUAGE_STANDARD = gnu11;
				GCC_DYNAMIC_NO_PIC = NO;
				GCC_NO_COMMON_BLOCKS = YES;
				GCC_OPTIMIZATION_LEVEL = 0;
				GCC_PREPROCESSOR_DEFINITIONS = (
					"DEBUG=1",
					"$(inherited)",
				);
				GCC_WARN_64_TO_32_BIT_CONVERSION = YES;
				GCC_WARN_ABOUT_RETURN_TYPE = YES_ERROR;
				GCC_WARN_UNDECLARED_SELECTOR = YES;
				GCC_WARN_UNINITIALIZED_AUTOS = YES_AGGRESSIVE;
				GCC_WARN_UNUSED_FUNCTION = YES;
				GCC_WARN_UNUSED_VARIABLE = YES;
				MTL_ENABLE_DEBUG_INFO = INCLUDE_SOURCE;
				MTL_FAST_MATH = YES;
				ONLY_ACTIVE_ARCH = YES;
				SWIFT_ACTIVE_COMPILATION_CONDITIONS = DEBUG;
				SWIFT_OPTIMIZATION_LEVEL = "-Onone";
			};
			name = Debug;
		};
		83550F582615BB7800A6D45A /* Release */ = {
			isa = XCBuildConfiguration;
			buildSettings = {
				ALWAYS_SEARCH_USER_PATHS = NO;
				CLANG_ANALYZER_NONNULL = YES;
				CLANG_ANALYZER_NUMBER_OBJECT_CONVERSION = YES_AGGRESSIVE;
				CLANG_CXX_LANGUAGE_STANDARD = "gnu++14";
				CLANG_CXX_LIBRARY = "libc++";
				CLANG_ENABLE_MODULES = YES;
				CLANG_ENABLE_OBJC_ARC = YES;
				CLANG_ENABLE_OBJC_WEAK = YES;
				CLANG_WARN_BLOCK_CAPTURE_AUTORELEASING = YES;
				CLANG_WARN_BOOL_CONVERSION = YES;
				CLANG_WARN_COMMA = YES;
				CLANG_WARN_CONSTANT_CONVERSION = YES;
				CLANG_WARN_DEPRECATED_OBJC_IMPLEMENTATIONS = YES;
				CLANG_WARN_DIRECT_OBJC_ISA_USAGE = YES_ERROR;
				CLANG_WARN_DOCUMENTATION_COMMENTS = YES;
				CLANG_WARN_EMPTY_BODY = YES;
				CLANG_WARN_ENUM_CONVERSION = YES;
				CLANG_WARN_INFINITE_RECURSION = YES;
				CLANG_WARN_INT_CONVERSION = YES;
				CLANG_WARN_NON_LITERAL_NULL_CONVERSION = YES;
				CLANG_WARN_OBJC_IMPLICIT_RETAIN_SELF = YES;
				CLANG_WARN_OBJC_LITERAL_CONVERSION = YES;
				CLANG_WARN_OBJC_ROOT_CLASS = YES_ERROR;
				CLANG_WARN_QUOTED_INCLUDE_IN_FRAMEWORK_HEADER = YES;
				CLANG_WARN_RANGE_LOOP_ANALYSIS = YES;
				CLANG_WARN_STRICT_PROTOTYPES = YES;
				CLANG_WARN_SUSPICIOUS_MOVE = YES;
				CLANG_WARN_UNGUARDED_AVAILABILITY = YES_AGGRESSIVE;
				CLANG_WARN_UNREACHABLE_CODE = YES;
				CLANG_WARN__DUPLICATE_METHOD_MATCH = YES;
				COPY_PHASE_STRIP = NO;
				DEBUG_INFORMATION_FORMAT = "dwarf-with-dsym";
				ENABLE_NS_ASSERTIONS = NO;
				ENABLE_STRICT_OBJC_MSGSEND = YES;
				GCC_C_LANGUAGE_STANDARD = gnu11;
				GCC_NO_COMMON_BLOCKS = YES;
				GCC_WARN_64_TO_32_BIT_CONVERSION = YES;
				GCC_WARN_ABOUT_RETURN_TYPE = YES_ERROR;
				GCC_WARN_UNDECLARED_SELECTOR = YES;
				GCC_WARN_UNINITIALIZED_AUTOS = YES_AGGRESSIVE;
				GCC_WARN_UNUSED_FUNCTION = YES;
				GCC_WARN_UNUSED_VARIABLE = YES;
				MTL_ENABLE_DEBUG_INFO = NO;
				MTL_FAST_MATH = YES;
				SWIFT_COMPILATION_MODE = wholemodule;
				SWIFT_OPTIMIZATION_LEVEL = "-O";
			};
			name = Release;
		};
		83550F5A2615BB7800A6D45A /* Debug */ = {
			isa = XCBuildConfiguration;
			buildSettings = {
				ASSETCATALOG_COMPILER_APPICON_NAME = AppIcon;
				ASSETCATALOG_COMPILER_GLOBAL_ACCENT_COLOR_NAME = AccentColor;
				CODE_SIGN_STYLE = Automatic;
				DEVELOPMENT_TEAM = UGDUJASRTY;
				ENABLE_PREVIEWS = YES;
				INFOPLIST_FILE = iOS/Info.plist;
				IPHONEOS_DEPLOYMENT_TARGET = 14.0;
				LD_RUNPATH_SEARCH_PATHS = (
					"$(inherited)",
					"@executable_path/Frameworks",
				);
				PRODUCT_BUNDLE_IDENTIFIER = "com.TariqAlmazyad.Image-Gallery-Demo";
				PRODUCT_NAME = "Image Gallery Demo";
				SDKROOT = iphoneos;
				SWIFT_VERSION = 5.0;
				TARGETED_DEVICE_FAMILY = "1,2";
			};
			name = Debug;
		};
		83550F5B2615BB7800A6D45A /* Release */ = {
			isa = XCBuildConfiguration;
			buildSettings = {
				ASSETCATALOG_COMPILER_APPICON_NAME = AppIcon;
				ASSETCATALOG_COMPILER_GLOBAL_ACCENT_COLOR_NAME = AccentColor;
				CODE_SIGN_STYLE = Automatic;
				DEVELOPMENT_TEAM = UGDUJASRTY;
				ENABLE_PREVIEWS = YES;
				INFOPLIST_FILE = iOS/Info.plist;
				IPHONEOS_DEPLOYMENT_TARGET = 14.0;
				LD_RUNPATH_SEARCH_PATHS = (
					"$(inherited)",
					"@executable_path/Frameworks",
				);
				PRODUCT_BUNDLE_IDENTIFIER = "com.TariqAlmazyad.Image-Gallery-Demo";
				PRODUCT_NAME = "Image Gallery Demo";
				SDKROOT = iphoneos;
				SWIFT_VERSION = 5.0;
				TARGETED_DEVICE_FAMILY = "1,2";
				VALIDATE_PRODUCT = YES;
			};
			name = Release;
		};
		83550F5D2615BB7800A6D45A /* Debug */ = {
			isa = XCBuildConfiguration;
			buildSettings = {
				ASSETCATALOG_COMPILER_APPICON_NAME = AppIcon;
				ASSETCATALOG_COMPILER_GLOBAL_ACCENT_COLOR_NAME = AccentColor;
				CODE_SIGN_ENTITLEMENTS = macOS/macOS.entitlements;
				CODE_SIGN_STYLE = Automatic;
				COMBINE_HIDPI_IMAGES = YES;
				DEVELOPMENT_TEAM = UGDUJASRTY;
				ENABLE_HARDENED_RUNTIME = YES;
				ENABLE_PREVIEWS = YES;
				INFOPLIST_FILE = macOS/Info.plist;
				LD_RUNPATH_SEARCH_PATHS = (
					"$(inherited)",
					"@executable_path/../Frameworks",
				);
				MACOSX_DEPLOYMENT_TARGET = 11.0;
				PRODUCT_BUNDLE_IDENTIFIER = "com.TariqAlmazyad.Image-Gallery-Demo";
				PRODUCT_NAME = "Image Gallery Demo";
				SDKROOT = macosx;
				SWIFT_VERSION = 5.0;
			};
			name = Debug;
		};
		83550F5E2615BB7800A6D45A /* Release */ = {
			isa = XCBuildConfiguration;
			buildSettings = {
				ASSETCATALOG_COMPILER_APPICON_NAME = AppIcon;
				ASSETCATALOG_COMPILER_GLOBAL_ACCENT_COLOR_NAME = AccentColor;
				CODE_SIGN_ENTITLEMENTS = macOS/macOS.entitlements;
				CODE_SIGN_STYLE = Automatic;
				COMBINE_HIDPI_IMAGES = YES;
				DEVELOPMENT_TEAM = UGDUJASRTY;
				ENABLE_HARDENED_RUNTIME = YES;
				ENABLE_PREVIEWS = YES;
				INFOPLIST_FILE = macOS/Info.plist;
				LD_RUNPATH_SEARCH_PATHS = (
					"$(inherited)",
					"@executable_path/../Frameworks",
				);
				MACOSX_DEPLOYMENT_TARGET = 11.0;
				PRODUCT_BUNDLE_IDENTIFIER = "com.TariqAlmazyad.Image-Gallery-Demo";
				PRODUCT_NAME = "Image Gallery Demo";
				SDKROOT = macosx;
				SWIFT_VERSION = 5.0;
			};
			name = Release;
		};
		83550F602615BB7800A6D45A /* Debug */ = {
			isa = XCBuildConfiguration;
			buildSettings = {
				ALWAYS_EMBED_SWIFT_STANDARD_LIBRARIES = YES;
				CODE_SIGN_STYLE = Automatic;
				DEVELOPMENT_TEAM = UGDUJASRTY;
				INFOPLIST_FILE = "Tests iOS/Info.plist";
				IPHONEOS_DEPLOYMENT_TARGET = 14.4;
				LD_RUNPATH_SEARCH_PATHS = (
					"$(inherited)",
					"@executable_path/Frameworks",
					"@loader_path/Frameworks",
				);
				PRODUCT_BUNDLE_IDENTIFIER = "com.TariqAlmazyad.Tests-iOS";
				PRODUCT_NAME = "$(TARGET_NAME)";
				SDKROOT = iphoneos;
				SWIFT_VERSION = 5.0;
				TARGETED_DEVICE_FAMILY = "1,2";
				TEST_TARGET_NAME = "Image Gallery Demo (iOS)";
			};
			name = Debug;
		};
		83550F612615BB7800A6D45A /* Release */ = {
			isa = XCBuildConfiguration;
			buildSettings = {
				ALWAYS_EMBED_SWIFT_STANDARD_LIBRARIES = YES;
				CODE_SIGN_STYLE = Automatic;
				DEVELOPMENT_TEAM = UGDUJASRTY;
				INFOPLIST_FILE = "Tests iOS/Info.plist";
				IPHONEOS_DEPLOYMENT_TARGET = 14.4;
				LD_RUNPATH_SEARCH_PATHS = (
					"$(inherited)",
					"@executable_path/Frameworks",
					"@loader_path/Frameworks",
				);
				PRODUCT_BUNDLE_IDENTIFIER = "com.TariqAlmazyad.Tests-iOS";
				PRODUCT_NAME = "$(TARGET_NAME)";
				SDKROOT = iphoneos;
				SWIFT_VERSION = 5.0;
				TARGETED_DEVICE_FAMILY = "1,2";
				TEST_TARGET_NAME = "Image Gallery Demo (iOS)";
				VALIDATE_PRODUCT = YES;
			};
			name = Release;
		};
		83550F632615BB7800A6D45A /* Debug */ = {
			isa = XCBuildConfiguration;
			buildSettings = {
				ALWAYS_EMBED_SWIFT_STANDARD_LIBRARIES = YES;
				CODE_SIGN_STYLE = Automatic;
				COMBINE_HIDPI_IMAGES = YES;
				DEVELOPMENT_TEAM = UGDUJASRTY;
				INFOPLIST_FILE = "Tests macOS/Info.plist";
				LD_RUNPATH_SEARCH_PATHS = (
					"$(inherited)",
					"@executable_path/../Frameworks",
					"@loader_path/../Frameworks",
				);
				MACOSX_DEPLOYMENT_TARGET = 11.1;
				PRODUCT_BUNDLE_IDENTIFIER = "com.TariqAlmazyad.Tests-macOS";
				PRODUCT_NAME = "$(TARGET_NAME)";
				SDKROOT = macosx;
				SWIFT_VERSION = 5.0;
				TEST_TARGET_NAME = "Image Gallery Demo (macOS)";
			};
			name = Debug;
		};
		83550F642615BB7800A6D45A /* Release */ = {
			isa = XCBuildConfiguration;
			buildSettings = {
				ALWAYS_EMBED_SWIFT_STANDARD_LIBRARIES = YES;
				CODE_SIGN_STYLE = Automatic;
				COMBINE_HIDPI_IMAGES = YES;
				DEVELOPMENT_TEAM = UGDUJASRTY;
				INFOPLIST_FILE = "Tests macOS/Info.plist";
				LD_RUNPATH_SEARCH_PATHS = (
					"$(inherited)",
					"@executable_path/../Frameworks",
					"@loader_path/../Frameworks",
				);
				MACOSX_DEPLOYMENT_TARGET = 11.1;
				PRODUCT_BUNDLE_IDENTIFIER = "com.TariqAlmazyad.Tests-macOS";
				PRODUCT_NAME = "$(TARGET_NAME)";
				SDKROOT = macosx;
				SWIFT_VERSION = 5.0;
				TEST_TARGET_NAME = "Image Gallery Demo (macOS)";
			};
			name = Release;
		};
/* End XCBuildConfiguration section */

/* Begin XCConfigurationList section */
		83550F262615BB7500A6D45A /* Build configuration list for PBXProject "Image Gallery Demo" */ = {
			isa = XCConfigurationList;
			buildConfigurations = (
				83550F572615BB7800A6D45A /* Debug */,
				83550F582615BB7800A6D45A /* Release */,
			);
			defaultConfigurationIsVisible = 0;
			defaultConfigurationName = Release;
		};
		83550F592615BB7800A6D45A /* Build configuration list for PBXNativeTarget "Image Gallery Demo (iOS)" */ = {
			isa = XCConfigurationList;
			buildConfigurations = (
				83550F5A2615BB7800A6D45A /* Debug */,
				83550F5B2615BB7800A6D45A /* Release */,
			);
			defaultConfigurationIsVisible = 0;
			defaultConfigurationName = Release;
		};
		83550F5C2615BB7800A6D45A /* Build configuration list for PBXNativeTarget "Image Gallery Demo (macOS)" */ = {
			isa = XCConfigurationList;
			buildConfigurations = (
				83550F5D2615BB7800A6D45A /* Debug */,
				83550F5E2615BB7800A6D45A /* Release */,
			);
			defaultConfigurationIsVisible = 0;
			defaultConfigurationName = Release;
		};
		83550F5F2615BB7800A6D45A /* Build configuration list for PBXNativeTarget "Tests iOS" */ = {
			isa = XCConfigurationList;
			buildConfigurations = (
				83550F602615BB7800A6D45A /* Debug */,
				83550F612615BB7800A6D45A /* Release */,
			);
			defaultConfigurationIsVisible = 0;
			defaultConfigurationName = Release;
		};
		83550F622615BB7800A6D45A /* Build configuration list for PBXNativeTarget "Tests macOS" */ = {
			isa = XCConfigurationList;
			buildConfigurations = (
				83550F632615BB7800A6D45A /* Debug */,
				83550F642615BB7800A6D45A /* Release */,
			);
			defaultConfigurationIsVisible = 0;
			defaultConfigurationName = Release;
		};
/* End XCConfigurationList section */
	};
	rootObject = 83550F232615BB7500A6D45A /* Project object */;
}
